
Microsoft Visual Studio Solution File, Format Version 12.00
# Visual Studio Version 17
VisualStudioVersion = 17.5.33502.453
MinimumVisualStudioVersion = 10.0.40219.1
Project("{8BC9CEB8-8B4A-11D0-8D11-00A0C91BC942}") = "APIApp", "APIApp\APIApp.vcxproj", "{EEA1BAC1-4E98-4350-BC9D-6466B5EB87E7}"
	ProjectSection(ProjectDependencies) = postProject
		{5C856C8B-FEC1-419A-BCCB-35F3B7D37031} = {5C856C8B-FEC1-419A-BCCB-35F3B7D37031}
	EndProjectSection
EndProject
Project("{8BC9CEB8-8B4A-11D0-8D11-00A0C91BC942}") = "GameEngineBase", "GameEngineBase\GameEngineBase.vcxproj", "{A6E9BFEE-96EC-4FC9-9219-12202F5126CC}"
EndProject
Project("{8BC9CEB8-8B4A-11D0-8D11-00A0C91BC942}") = "GameEngineCore", "GameEngineCore\GameEngineCore.vcxproj", "{4235D360-1C2A-445E-978E-19835ADD99A7}"
	ProjectSection(ProjectDependencies) = postProject
		{012509BD-0610-46F2-BCEF-076C0828D24F} = {012509BD-0610-46F2-BCEF-076C0828D24F}
		{A6E9BFEE-96EC-4FC9-9219-12202F5126CC} = {A6E9BFEE-96EC-4FC9-9219-12202F5126CC}
	EndProjectSection
EndProject
Project("{8BC9CEB8-8B4A-11D0-8D11-00A0C91BC942}") = "GameEnginePlatform", "GameEnginePlatform\GameEnginePlatform.vcxproj", "{012509BD-0610-46F2-BCEF-076C0828D24F}"
	ProjectSection(ProjectDependencies) = postProject
		{A6E9BFEE-96EC-4FC9-9219-12202F5126CC} = {A6E9BFEE-96EC-4FC9-9219-12202F5126CC}
	EndProjectSection
EndProject
Project("{2150E333-8FDC-42A3-9474-1A3956D46DE8}") = "00.Engine", "00.Engine", "{96DDD6AD-F3B5-402D-BC75-BDBD40D1BEA7}"
EndProject
Project("{2150E333-8FDC-42A3-9474-1A3956D46DE8}") = "01.Content", "01.Content", "{6D58A30C-E138-4666-B5DA-A5C5D3CDD813}"
EndProject
Project("{2150E333-8FDC-42A3-9474-1A3956D46DE8}") = "02.App", "02.App", "{B7071C86-B104-4144-BD64-84FCC35B49EA}"
EndProject
Project("{8BC9CEB8-8B4A-11D0-8D11-00A0C91BC942}") = "ContentCore", "ContentCore\ContentCore.vcxproj", "{5C856C8B-FEC1-419A-BCCB-35F3B7D37031}"
	ProjectSection(ProjectDependencies) = postProject
		{012509BD-0610-46F2-BCEF-076C0828D24F} = {012509BD-0610-46F2-BCEF-076C0828D24F}
		{4235D360-1C2A-445E-978E-19835ADD99A7} = {4235D360-1C2A-445E-978E-19835ADD99A7}
		{A6E9BFEE-96EC-4FC9-9219-12202F5126CC} = {A6E9BFEE-96EC-4FC9-9219-12202F5126CC}
	EndProjectSection
EndProject
Global
	GlobalSection(SolutionConfigurationPlatforms) = preSolution
		Debug|x64 = Debug|x64
		Debug|x86 = Debug|x86
		Release|x64 = Release|x64
		Release|x86 = Release|x86
	EndGlobalSection
	GlobalSection(ProjectConfigurationPlatforms) = postSolution
		{EEA1BAC1-4E98-4350-BC9D-6466B5EB87E7}.Debug|x64.ActiveCfg = Debug|x64
		{EEA1BAC1-4E98-4350-BC9D-6466B5EB87E7}.Debug|x64.Build.0 = Debug|x64
		{EEA1BAC1-4E98-4350-BC9D-6466B5EB87E7}.Debug|x86.ActiveCfg = Debug|Win32
		{EEA1BAC1-4E98-4350-BC9D-6466B5EB87E7}.Debug|x86.Build.0 = Debug|Win32
		{EEA1BAC1-4E98-4350-BC9D-6466B5EB87E7}.Release|x64.ActiveCfg = Release|x64
		{EEA1BAC1-4E98-4350-BC9D-6466B5EB87E7}.Release|x64.Build.0 = Release|x64
		{EEA1BAC1-4E98-4350-BC9D-6466B5EB87E7}.Release|x86.ActiveCfg = Release|Win32
		{EEA1BAC1-4E98-4350-BC9D-6466B5EB87E7}.Release|x86.Build.0 = Release|Win32
		{A6E9BFEE-96EC-4FC9-9219-12202F5126CC}.Debug|x64.ActiveCfg = Debug|x64
		{A6E9BFEE-96EC-4FC9-9219-12202F5126CC}.Debug|x64.Build.0 = Debug|x64
		{A6E9BFEE-96EC-4FC9-9219-12202F5126CC}.Debug|x86.ActiveCfg = Debug|Win32
		{A6E9BFEE-96EC-4FC9-9219-12202F5126CC}.Debug|x86.Build.0 = Debug|Win32
		{A6E9BFEE-96EC-4FC9-9219-12202F5126CC}.Release|x64.ActiveCfg = Release|x64
		{A6E9BFEE-96EC-4FC9-9219-12202F5126CC}.Release|x64.Build.0 = Release|x64
		{A6E9BFEE-96EC-4FC9-9219-12202F5126CC}.Release|x86.ActiveCfg = Release|Win32
		{A6E9BFEE-96EC-4FC9-9219-12202F5126CC}.Release|x86.Build.0 = Release|Win32
		{4235D360-1C2A-445E-978E-19835ADD99A7}.Debug|x64.ActiveCfg = Debug|x64
		{4235D360-1C2A-445E-978E-19835ADD99A7}.Debug|x64.Build.0 = Debug|x64
		{4235D360-1C2A-445E-978E-19835ADD99A7}.Debug|x86.ActiveCfg = Debug|Win32
		{4235D360-1C2A-445E-978E-19835ADD99A7}.Debug|x86.Build.0 = Debug|Win32
		{4235D360-1C2A-445E-978E-19835ADD99A7}.Release|x64.ActiveCfg = Release|x64
		{4235D360-1C2A-445E-978E-19835ADD99A7}.Release|x64.Build.0 = Release|x64
		{4235D360-1C2A-445E-978E-19835ADD99A7}.Release|x86.ActiveCfg = Release|Win32
		{4235D360-1C2A-445E-978E-19835ADD99A7}.Release|x86.Build.0 = Release|Win32
		{012509BD-0610-46F2-BCEF-076C0828D24F}.Debug|x64.ActiveCfg = Debug|x64
		{012509BD-0610-46F2-BCEF-076C0828D24F}.Debug|x64.Build.0 = Debug|x64
		{012509BD-0610-46F2-BCEF-076C0828D24F}.Debug|x86.ActiveCfg = Debug|Win32
		{012509BD-0610-46F2-BCEF-076C0828D24F}.Debug|x86.Build.0 = Debug|Win32
		{012509BD-0610-46F2-BCEF-076C0828D24F}.Release|x64.ActiveCfg = Release|x64
		{012509BD-0610-46F2-BCEF-076C0828D24F}.Release|x64.Build.0 = Release|x64
		{012509BD-0610-46F2-BCEF-076C0828D24F}.Release|x86.ActiveCfg = Release|Win32
		{012509BD-0610-46F2-BCEF-076C0828D24F}.Release|x86.Build.0 = Release|Win32
		{5C856C8B-FEC1-419A-BCCB-35F3B7D37031}.Debug|x64.ActiveCfg = Debug|x64
		{5C856C8B-FEC1-419A-BCCB-35F3B7D37031}.Debug|x64.Build.0 = Debug|x64
		{5C856C8B-FEC1-419A-BCCB-35F3B7D37031}.Debug|x86.ActiveCfg = Debug|Win32
		{5C856C8B-FEC1-419A-BCCB-35F3B7D37031}.Debug|x86.Build.0 = Debug|Win32
		{5C856C8B-FEC1-419A-BCCB-35F3B7D37031}.Release|x64.ActiveCfg = Release|x64
		{5C856C8B-FEC1-419A-BCCB-35F3B7D37031}.Release|x64.Build.0 = Release|x64
		{5C856C8B-FEC1-419A-BCCB-35F3B7D37031}.Release|x86.ActiveCfg = Release|Win32
		{5C856C8B-FEC1-419A-BCCB-35F3B7D37031}.Release|x86.Build.0 = Release|Win32
	EndGlobalSection
	GlobalSection(SolutionProperties) = preSolution
		HideSolutionNode = FALSE
	EndGlobalSection
	GlobalSection(NestedProjects) = preSolution
		{EEA1BAC1-4E98-4350-BC9D-6466B5EB87E7} = {B7071C86-B104-4144-BD64-84FCC35B49EA}
		{A6E9BFEE-96EC-4FC9-9219-12202F5126CC} = {96DDD6AD-F3B5-402D-BC75-BDBD40D1BEA7}
		{4235D360-1C2A-445E-978E-19835ADD99A7} = {96DDD6AD-F3B5-402D-BC75-BDBD40D1BEA7}
		{012509BD-0610-46F2-BCEF-076C0828D24F} = {96DDD6AD-F3B5-402D-BC75-BDBD40D1BEA7}
		{5C856C8B-FEC1-419A-BCCB-35F3B7D37031} = {6D58A30C-E138-4666-B5DA-A5C5D3CDD813}
	EndGlobalSection
	GlobalSection(ExtensibilityGlobals) = postSolution
		SolutionGuid = {FE53F74A-54F9-4F89-9C21-F10AF1362F4D}
	EndGlobalSection
EndGlobal
